// !$*UTF8*$!
{
	archiveVersion = 1;
	classes = {
	};
	objectVersion = 56;
	objects = {

/* Begin PBXBuildFile section */
		11DF060F29EEB3EB00E26917 /* CodeforcesApp.swift in Sources */ = {isa = PBXBuildFile; fileRef = 11DF060E29EEB3EB00E26917 /* CodeforcesApp.swift */; };
		11DF061129EEB3EB00E26917 /* ContentView.swift in Sources */ = {isa = PBXBuildFile; fileRef = 11DF061029EEB3EB00E26917 /* ContentView.swift */; };
		11DF061329EEB3EC00E26917 /* Assets.xcassets in Resources */ = {isa = PBXBuildFile; fileRef = 11DF061229EEB3EC00E26917 /* Assets.xcassets */; };
		11DF061629EEB3EC00E26917 /* Preview Assets.xcassets in Resources */ = {isa = PBXBuildFile; fileRef = 11DF061529EEB3EC00E26917 /* Preview Assets.xcassets */; };
		11DF061E29EEB4B300E26917 /* HomeView.swift in Sources */ = {isa = PBXBuildFile; fileRef = 11DF061D29EEB4B300E26917 /* HomeView.swift */; };
		11DF062029EED24D00E26917 /* UserView.swift in Sources */ = {isa = PBXBuildFile; fileRef = 11DF061F29EED24D00E26917 /* UserView.swift */; };
		11DF062229F0608B00E26917 /* ProfileView.swift in Sources */ = {isa = PBXBuildFile; fileRef = 11DF062129F0608B00E26917 /* ProfileView.swift */; };
		11DF062529F1656D00E26917 /* User.swift in Sources */ = {isa = PBXBuildFile; fileRef = 11DF062429F1656D00E26917 /* User.swift */; };
		11DF062729F16C5A00E26917 /* Networking.swift in Sources */ = {isa = PBXBuildFile; fileRef = 11DF062629F16C5A00E26917 /* Networking.swift */; };
/* End PBXBuildFile section */

/* Begin PBXFileReference section */
		11DF060B29EEB3EB00E26917 /* Codeforces.app */ = {isa = PBXFileReference; explicitFileType = wrapper.application; includeInIndex = 0; path = Codeforces.app; sourceTree = BUILT_PRODUCTS_DIR; };
		11DF060E29EEB3EB00E26917 /* CodeforcesApp.swift */ = {isa = PBXFileReference; lastKnownFileType = sourcecode.swift; path = CodeforcesApp.swift; sourceTree = "<group>"; };
		11DF061029EEB3EB00E26917 /* ContentView.swift */ = {isa = PBXFileReference; indentWidth = 4; lastKnownFileType = sourcecode.swift; path = ContentView.swift; sourceTree = "<group>"; };
		11DF061229EEB3EC00E26917 /* Assets.xcassets */ = {isa = PBXFileReference; lastKnownFileType = folder.assetcatalog; path = Assets.xcassets; sourceTree = "<group>"; };
		11DF061529EEB3EC00E26917 /* Preview Assets.xcassets */ = {isa = PBXFileReference; lastKnownFileType = folder.assetcatalog; path = "Preview Assets.xcassets"; sourceTree = "<group>"; };
		11DF061D29EEB4B300E26917 /* HomeView.swift */ = {isa = PBXFileReference; indentWidth = 4; lastKnownFileType = sourcecode.swift; path = HomeView.swift; sourceTree = "<group>"; };
		11DF061F29EED24D00E26917 /* UserView.swift */ = {isa = PBXFileReference; indentWidth = 4; lastKnownFileType = sourcecode.swift; path = UserView.swift; sourceTree = "<group>"; };
		11DF062129F0608B00E26917 /* ProfileView.swift */ = {isa = PBXFileReference; indentWidth = 4; lastKnownFileType = sourcecode.swift; path = ProfileView.swift; sourceTree = "<group>"; };
		11DF062429F1656D00E26917 /* User.swift */ = {isa = PBXFileReference; indentWidth = 4; lastKnownFileType = sourcecode.swift; path = User.swift; sourceTree = "<group>"; };
		11DF062629F16C5A00E26917 /* Networking.swift */ = {isa = PBXFileReference; indentWidth = 4; lastKnownFileType = sourcecode.swift; path = Networking.swift; sourceTree = "<group>"; };
/* End PBXFileReference section */

/* Begin PBXFrameworksBuildPhase section */
		11DF060829EEB3EB00E26917 /* Frameworks */ = {
			isa = PBXFrameworksBuildPhase;
			buildActionMask = 2147483647;
			files = (
			);
			runOnlyForDeploymentPostprocessing = 0;
		};
/* End PBXFrameworksBuildPhase section */

/* Begin PBXGroup section */
		11DF060229EEB3EB00E26917 = {
			isa = PBXGroup;
			children = (
				11DF060D29EEB3EB00E26917 /* Codeforces */,
				11DF060C29EEB3EB00E26917 /* Products */,
			);
			sourceTree = "<group>";
		};
		11DF060C29EEB3EB00E26917 /* Products */ = {
			isa = PBXGroup;
			children = (
				11DF060B29EEB3EB00E26917 /* Codeforces.app */,
			);
			name = Products;
			sourceTree = "<group>";
		};
		11DF060D29EEB3EB00E26917 /* Codeforces */ = {
			isa = PBXGroup;
			children = (
				11DF060E29EEB3EB00E26917 /* CodeforcesApp.swift */,
				11DF062329F1654100E26917 /* Models */,
				11DF061C29EEB48600E26917 /* Views */,
				11DF061229EEB3EC00E26917 /* Assets.xcassets */,
				11DF061429EEB3EC00E26917 /* Preview Content */,
			);
			path = Codeforces;
			sourceTree = "<group>";
		};
		11DF061429EEB3EC00E26917 /* Preview Content */ = {
			isa = PBXGroup;
			children = (
				11DF061529EEB3EC00E26917 /* Preview Assets.xcassets */,
			);
			path = "Preview Content";
			sourceTree = "<group>";
		};
		11DF061C29EEB48600E26917 /* Views */ = {
			isa = PBXGroup;
			children = (
				11DF061029EEB3EB00E26917 /* ContentView.swift */,
				11DF061D29EEB4B300E26917 /* HomeView.swift */,
				11DF061F29EED24D00E26917 /* UserView.swift */,
				11DF062129F0608B00E26917 /* ProfileView.swift */,
			);
			path = Views;
			sourceTree = "<group>";
		};
		11DF062329F1654100E26917 /* Models */ = {
			isa = PBXGroup;
			children = (
				11DF062429F1656D00E26917 /* User.swift */,
				11DF062629F16C5A00E26917 /* Networking.swift */,
			);
			path = Models;
			sourceTree = "<group>";
		};
/* End PBXGroup section */

/* Begin PBXNativeTarget section */
		11DF060A29EEB3EB00E26917 /* Codeforces */ = {
			isa = PBXNativeTarget;
			buildConfigurationList = 11DF061929EEB3EC00E26917 /* Build configuration list for PBXNativeTarget "Codeforces" */;
			buildPhases = (
				11DF060729EEB3EB00E26917 /* Sources */,
				11DF060829EEB3EB00E26917 /* Frameworks */,
				11DF060929EEB3EB00E26917 /* Resources */,
			);
			buildRules = (
			);
			dependencies = (
			);
			name = Codeforces;
			productName = Codeforces;
			productReference = 11DF060B29EEB3EB00E26917 /* Codeforces.app */;
			productType = "com.apple.product-type.application";
		};
/* End PBXNativeTarget section */

/* Begin PBXProject section */
		11DF060329EEB3EB00E26917 /* Project object */ = {
			isa = PBXProject;
			attributes = {
				BuildIndependentTargetsInParallel = 1;
				LastSwiftUpdateCheck = 1430;
				LastUpgradeCheck = 1430;
				TargetAttributes = {
					11DF060A29EEB3EB00E26917 = {
						CreatedOnToolsVersion = 14.3;
					};
				};
			};
			buildConfigurationList = 11DF060629EEB3EB00E26917 /* Build configuration list for PBXProject "Codeforces" */;
			compatibilityVersion = "Xcode 14.0";
			developmentRegion = en;
			hasScannedForEncodings = 0;
			knownRegions = (
				en,
				Base,
			);
			mainGroup = 11DF060229EEB3EB00E26917;
			productRefGroup = 11DF060C29EEB3EB00E26917 /* Products */;
			projectDirPath = "";
			projectRoot = "";
			targets = (
				11DF060A29EEB3EB00E26917 /* Codeforces */,
			);
		};
/* End PBXProject section */

/* Begin PBXResourcesBuildPhase section */
		11DF060929EEB3EB00E26917 /* Resources */ = {
			isa = PBXResourcesBuildPhase;
			buildActionMask = 2147483647;
			files = (
				11DF061629EEB3EC00E26917 /* Preview Assets.xcassets in Resources */,
				11DF061329EEB3EC00E26917 /* Assets.xcassets in Resources */,
			);
			runOnlyForDeploymentPostprocessing = 0;
		};
/* End PBXResourcesBuildPhase section */

/* Begin PBXSourcesBuildPhase section */
		11DF060729EEB3EB00E26917 /* Sources */ = {
			isa = PBXSourcesBuildPhase;
			buildActionMask = 2147483647;
			files = (
				11DF062529F1656D00E26917 /* User.swift in Sources */,
				11DF061129EEB3EB00E26917 /* ContentView.swift in Sources */,
				11DF062229F0608B00E26917 /* ProfileView.swift in Sources */,
				11DF062029EED24D00E26917 /* UserView.swift in Sources */,
				11DF061E29EEB4B300E26917 /* HomeView.swift in Sources */,
				11DF060F29EEB3EB00E26917 /* CodeforcesApp.swift in Sources */,
				11DF062729F16C5A00E26917 /* Networking.swift in Sources */,
			);
			runOnlyForDeploymentPostprocessing = 0;
		};
/* End PBXSourcesBuildPhase section */

/* Begin XCBuildConfiguration section */
		11DF061729EEB3EC00E26917 /* Debug */ = {
			isa = XCBuildConfiguration;
			buildSettings = {
				ALWAYS_SEARCH_USER_PATHS = NO;
				CLANG_ANALYZER_NONNULL = YES;
				CLANG_ANALYZER_NUMBER_OBJECT_CONVERSION = YES_AGGRESSIVE;
				CLANG_CXX_LANGUAGE_STANDARD = "gnu++20";
				CLANG_ENABLE_MODULES = YES;
				CLANG_ENABLE_OBJC_ARC = YES;
				CLANG_ENABLE_OBJC_WEAK = YES;
				CLANG_WARN_BLOCK_CAPTURE_AUTORELEASING = YES;
				CLANG_WARN_BOOL_CONVERSION = YES;
				CLANG_WARN_COMMA = YES;
				CLANG_WARN_CONSTANT_CONVERSION = YES;
				CLANG_WARN_DEPRECATED_OBJC_IMPLEMENTATIONS = YES;
				CLANG_WARN_DIRECT_OBJC_ISA_USAGE = YES_ERROR;
				CLANG_WARN_DOCUMENTATION_COMMENTS = YES;
				CLANG_WARN_EMPTY_BODY = YES;
				CLANG_WARN_ENUM_CONVERSION = YES;
				CLANG_WARN_INFINITE_RECURSION = YES;
				CLANG_WARN_INT_CONVERSION = YES;
				CLANG_WARN_NON_LITERAL_NULL_CONVERSION = YES;
				CLANG_WARN_OBJC_IMPLICIT_RETAIN_SELF = YES;
				CLANG_WARN_OBJC_LITERAL_CONVERSION = YES;
				CLANG_WARN_OBJC_ROOT_CLASS = YES_ERROR;
				CLANG_WARN_QUOTED_INCLUDE_IN_FRAMEWORK_HEADER = YES;
				CLANG_WARN_RANGE_LOOP_ANALYSIS = YES;
				CLANG_WARN_STRICT_PROTOTYPES = YES;
				CLANG_WARN_SUSPICIOUS_MOVE = YES;
				CLANG_WARN_UNGUARDED_AVAILABILITY = YES_AGGRESSIVE;
				CLANG_WARN_UNREACHABLE_CODE = YES;
				CLANG_WARN__DUPLICATE_METHOD_MATCH = YES;
				COPY_PHASE_STRIP = NO;
				DEBUG_INFORMATION_FORMAT = dwarf;
				ENABLE_STRICT_OBJC_MSGSEND = YES;
				ENABLE_TESTABILITY = YES;
				GCC_C_LANGUAGE_STANDARD = gnu11;
				GCC_DYNAMIC_NO_PIC = NO;
				GCC_NO_COMMON_BLOCKS = YES;
				GCC_OPTIMIZATION_LEVEL = 0;
				GCC_PREPROCESSOR_DEFINITIONS = (
					"DEBUG=1",
					"$(inherited)",
				);
				GCC_WARN_64_TO_32_BIT_CONVERSION = YES;
				GCC_WARN_ABOUT_RETURN_TYPE = YES_ERROR;
				GCC_WARN_UNDECLARED_SELECTOR = YES;
				GCC_WARN_UNINITIALIZED_AUTOS = YES_AGGRESSIVE;
				GCC_WARN_UNUSED_FUNCTION = YES;
				GCC_WARN_UNUSED_VARIABLE = YES;
				IPHONEOS_DEPLOYMENT_TARGET = 16.4;
				MTL_ENABLE_DEBUG_INFO = INCLUDE_SOURCE;
				MTL_FAST_MATH = YES;
				ONLY_ACTIVE_ARCH = YES;
				SDKROOT = iphoneos;
				SWIFT_ACTIVE_COMPILATION_CONDITIONS = DEBUG;
				SWIFT_OPTIMIZATION_LEVEL = "-Onone";
			};
			name = Debug;
		};
		11DF061829EEB3EC00E26917 /* Release */ = {
			isa = XCBuildConfiguration;
			buildSettings = {
				ALWAYS_SEARCH_USER_PATHS = NO;
				CLANG_ANALYZER_NONNULL = YES;
				CLANG_ANALYZER_NUMBER_OBJECT_CONVERSION = YES_AGGRESSIVE;
				CLANG_CXX_LANGUAGE_STANDARD = "gnu++20";
				CLANG_ENABLE_MODULES = YES;
				CLANG_ENABLE_OBJC_ARC = YES;
				CLANG_ENABLE_OBJC_WEAK = YES;
				CLANG_WARN_BLOCK_CAPTURE_AUTORELEASING = YES;
				CLANG_WARN_BOOL_CONVERSION = YES;
				CLANG_WARN_COMMA = YES;
				CLANG_WARN_CONSTANT_CONVERSION = YES;
				CLANG_WARN_DEPRECATED_OBJC_IMPLEMENTATIONS = YES;
				CLANG_WARN_DIRECT_OBJC_ISA_USAGE = YES_ERROR;
				CLANG_WARN_DOCUMENTATION_COMMENTS = YES;
				CLANG_WARN_EMPTY_BODY = YES;
				CLANG_WARN_ENUM_CONVERSION = YES;
				CLANG_WARN_INFINITE_RECURSION = YES;
				CLANG_WARN_INT_CONVERSION = YES;
				CLANG_WARN_NON_LITERAL_NULL_CONVERSION = YES;
				CLANG_WARN_OBJC_IMPLICIT_RETAIN_SELF = YES;
				CLANG_WARN_OBJC_LITERAL_CONVERSION = YES;
				CLANG_WARN_OBJC_ROOT_CLASS = YES_ERROR;
				CLANG_WARN_QUOTED_INCLUDE_IN_FRAMEWORK_HEADER = YES;
				CLANG_WARN_RANGE_LOOP_ANALYSIS = YES;
				CLANG_WARN_STRICT_PROTOTYPES = YES;
				CLANG_WARN_SUSPICIOUS_MOVE = YES;
				CLANG_WARN_UNGUARDED_AVAILABILITY = YES_AGGRESSIVE;
				CLANG_WARN_UNREACHABLE_CODE = YES;
				CLANG_WARN__DUPLICATE_METHOD_MATCH = YES;
				COPY_PHASE_STRIP = NO;
				DEBUG_INFORMATION_FORMAT = "dwarf-with-dsym";
				ENABLE_NS_ASSERTIONS = NO;
				ENABLE_STRICT_OBJC_MSGSEND = YES;
				GCC_C_LANGUAGE_STANDARD = gnu11;
				GCC_NO_COMMON_BLOCKS = YES;
				GCC_WARN_64_TO_32_BIT_CONVERSION = YES;
				GCC_WARN_ABOUT_RETURN_TYPE = YES_ERROR;
				GCC_WARN_UNDECLARED_SELECTOR = YES;
				GCC_WARN_UNINITIALIZED_AUTOS = YES_AGGRESSIVE;
				GCC_WARN_UNUSED_FUNCTION = YES;
				GCC_WARN_UNUSED_VARIABLE = YES;
				IPHONEOS_DEPLOYMENT_TARGET = 16.4;
				MTL_ENABLE_DEBUG_INFO = NO;
				MTL_FAST_MATH = YES;
				SDKROOT = iphoneos;
				SWIFT_COMPILATION_MODE = wholemodule;
				SWIFT_OPTIMIZATION_LEVEL = "-O";
				VALIDATE_PRODUCT = YES;
			};
			name = Release;
		};
		11DF061A29EEB3EC00E26917 /* Debug */ = {
			isa = XCBuildConfiguration;
			buildSettings = {
				ASSETCATALOG_COMPILER_APPICON_NAME = AppIcon;
				ASSETCATALOG_COMPILER_GLOBAL_ACCENT_COLOR_NAME = AccentColor;
				CODE_SIGN_STYLE = Automatic;
				CURRENT_PROJECT_VERSION = 1;
				DEVELOPMENT_ASSET_PATHS = "\"Codeforces/Preview Content\"";
				DEVELOPMENT_TEAM = 98PF56WUUN;
				ENABLE_PREVIEWS = YES;
				GENERATE_INFOPLIST_FILE = YES;
				INFOPLIST_KEY_UIApplicationSceneManifest_Generation = YES;
				INFOPLIST_KEY_UIApplicationSupportsIndirectInputEvents = YES;
				INFOPLIST_KEY_UILaunchScreen_Generation = YES;
				INFOPLIST_KEY_UISupportedInterfaceOrientations_iPad = "UIInterfaceOrientationPortrait UIInterfaceOrientationPortraitUpsideDown UIInterfaceOrientationLandscapeLeft UIInterfaceOrientationLandscapeRight";
				INFOPLIST_KEY_UISupportedInterfaceOrientations_iPhone = "UIInterfaceOrientationPortrait UIInterfaceOrientationLandscapeLeft UIInterfaceOrientationLandscapeRight";
				LD_RUNPATH_SEARCH_PATHS = (
					"$(inherited)",
					"@executable_path/Frameworks",
				);
				MARKETING_VERSION = 1.0;
				PRODUCT_BUNDLE_IDENTIFIER = com.rajveersingh.Codeforces;
				PRODUCT_NAME = "$(TARGET_NAME)";
				SWIFT_EMIT_LOC_STRINGS = YES;
				SWIFT_VERSION = 5.0;
				TARGETED_DEVICE_FAMILY = "1,2";
			};
			name = Debug;
		};
		11DF061B29EEB3EC00E26917 /* Release */ = {
			isa = XCBuildConfiguration;
			buildSettings = {
				ASSETCATALOG_COMPILER_APPICON_NAME = AppIcon;
				ASSETCATALOG_COMPILER_GLOBAL_ACCENT_COLOR_NAME = AccentColor;
				CODE_SIGN_STYLE = Automatic;
				CURRENT_PROJECT_VERSION = 1;
				DEVELOPMENT_ASSET_PATHS = "\"Codeforces/Preview Content\"";
				DEVELOPMENT_TEAM = 98PF56WUUN;
				ENABLE_PREVIEWS = YES;
				GENERATE_INFOPLIST_FILE = YES;
				INFOPLIST_KEY_UIApplicationSceneManifest_Generation = YES;
				INFOPLIST_KEY_UIApplicationSupportsIndirectInputEvents = YES;
				INFOPLIST_KEY_UILaunchScreen_Generation = YES;
				INFOPLIST_KEY_UISupportedInterfaceOrientations_iPad = "UIInterfaceOrientationPortrait UIInterfaceOrientationPortraitUpsideDown UIInterfaceOrientationLandscapeLeft UIInterfaceOrientationLandscapeRight";
				INFOPLIST_KEY_UISupportedInterfaceOrientations_iPhone = "UIInterfaceOrientationPortrait UIInterfaceOrientationLandscapeLeft UIInterfaceOrientationLandscapeRight";
				LD_RUNPATH_SEARCH_PATHS = (
					"$(inherited)",
					"@executable_path/Frameworks",
				);
				MARKETING_VERSION = 1.0;
				PRODUCT_BUNDLE_IDENTIFIER = com.rajveersingh.Codeforces;
				PRODUCT_NAME = "$(TARGET_NAME)";
				SWIFT_EMIT_LOC_STRINGS = YES;
				SWIFT_VERSION = 5.0;
				TARGETED_DEVICE_FAMILY = "1,2";
			};
			name = Release;
		};
/* End XCBuildConfiguration section */

/* Begin XCConfigurationList section */
		11DF060629EEB3EB00E26917 /* Build configuration list for PBXProject "Codeforces" */ = {
			isa = XCConfigurationList;
			buildConfigurations = (
				11DF061729EEB3EC00E26917 /* Debug */,
				11DF061829EEB3EC00E26917 /* Release */,
			);
			defaultConfigurationIsVisible = 0;
			defaultConfigurationName = Release;
		};
		11DF061929EEB3EC00E26917 /* Build configuration list for PBXNativeTarget "Codeforces" */ = {
			isa = XCConfigurationList;
			buildConfigurations = (
				11DF061A29EEB3EC00E26917 /* Debug */,
				11DF061B29EEB3EC00E26917 /* Release */,
			);
			defaultConfigurationIsVisible = 0;
			defaultConfigurationName = Release;
		};
/* End XCConfigurationList section */
	};
	rootObject = 11DF060329EEB3EB00E26917 /* Project object */;
}
